// !$*UTF8*$!
{
	archiveVersion = 1;
	classes = {
	};
	objectVersion = 48;
	objects = {

/* Begin PBXBuildFile section */
		BE5027D61F5F0951009AAB5F /* AppDelegate.swift in Sources */ = {isa = PBXBuildFile; fileRef = BE5027D51F5F0951009AAB5F /* AppDelegate.swift */; };
		BE5027D81F5F0951009AAB5F /* ViewController.swift in Sources */ = {isa = PBXBuildFile; fileRef = BE5027D71F5F0951009AAB5F /* ViewController.swift */; };
		BE5027DB1F5F0951009AAB5F /* Main.storyboard in Resources */ = {isa = PBXBuildFile; fileRef = BE5027D91F5F0951009AAB5F /* Main.storyboard */; };
		BE5027DD1F5F0951009AAB5F /* Assets.xcassets in Resources */ = {isa = PBXBuildFile; fileRef = BE5027DC1F5F0951009AAB5F /* Assets.xcassets */; };
		BE5027E01F5F0951009AAB5F /* LaunchScreen.storyboard in Resources */ = {isa = PBXBuildFile; fileRef = BE5027DE1F5F0951009AAB5F /* LaunchScreen.storyboard */; };
		BE5027EE1F5F0970009AAB5F /* Messages.framework in Frameworks */ = {isa = PBXBuildFile; fileRef = BE5027ED1F5F0970009AAB5F /* Messages.framework */; };
		BE5027F11F5F0970009AAB5F /* MessagesViewController.swift in Sources */ = {isa = PBXBuildFile; fileRef = BE5027F01F5F0970009AAB5F /* MessagesViewController.swift */; };
		BE5027F41F5F0970009AAB5F /* MainInterface.storyboard in Resources */ = {isa = PBXBuildFile; fileRef = BE5027F21F5F0970009AAB5F /* MainInterface.storyboard */; };
		BE5027FA1F5F0970009AAB5F /* MessageExtension.appex in Embed App Extensions */ = {isa = PBXBuildFile; fileRef = BE5027EB1F5F0970009AAB5F /* MessageExtension.appex */; settings = {ATTRIBUTES = (RemoveHeadersOnCopy, ); }; };
		BE5028001F5F0AA0009AAB5F /* Assets.xcassets in Resources */ = {isa = PBXBuildFile; fileRef = BE5027F51F5F0970009AAB5F /* Assets.xcassets */; };
/* End PBXBuildFile section */

/* Begin PBXContainerItemProxy section */
		BE5027F81F5F0970009AAB5F /* PBXContainerItemProxy */ = {
			isa = PBXContainerItemProxy;
			containerPortal = BE5027CA1F5F0951009AAB5F /* Project object */;
			proxyType = 1;
			remoteGlobalIDString = BE5027EA1F5F0970009AAB5F;
			remoteInfo = MessageExtension;
		};
/* End PBXContainerItemProxy section */

/* Begin PBXCopyFilesBuildPhase section */
		BE5027FE1F5F0970009AAB5F /* Embed App Extensions */ = {
			isa = PBXCopyFilesBuildPhase;
			buildActionMask = 2147483647;
			dstPath = "";
			dstSubfolderSpec = 13;
			files = (
				BE5027FA1F5F0970009AAB5F /* MessageExtension.appex in Embed App Extensions */,
			);
			name = "Embed App Extensions";
			runOnlyForDeploymentPostprocessing = 0;
		};
/* End PBXCopyFilesBuildPhase section */

/* Begin PBXFileReference section */
		BE5027D21F5F0951009AAB5F /* LiveLayout.app */ = {isa = PBXFileReference; explicitFileType = wrapper.application; includeInIndex = 0; path = LiveLayout.app; sourceTree = BUILT_PRODUCTS_DIR; };
		BE5027D51F5F0951009AAB5F /* AppDelegate.swift */ = {isa = PBXFileReference; lastKnownFileType = sourcecode.swift; path = AppDelegate.swift; sourceTree = "<group>"; };
		BE5027D71F5F0951009AAB5F /* ViewController.swift */ = {isa = PBXFileReference; lastKnownFileType = sourcecode.swift; path = ViewController.swift; sourceTree = "<group>"; };
		BE5027DA1F5F0951009AAB5F /* Base */ = {isa = PBXFileReference; lastKnownFileType = file.storyboard; name = Base; path = Base.lproj/Main.storyboard; sourceTree = "<group>"; };
		BE5027DC1F5F0951009AAB5F /* Assets.xcassets */ = {isa = PBXFileReference; lastKnownFileType = folder.assetcatalog; path = Assets.xcassets; sourceTree = "<group>"; };
		BE5027DF1F5F0951009AAB5F /* Base */ = {isa = PBXFileReference; lastKnownFileType = file.storyboard; name = Base; path = Base.lproj/LaunchScreen.storyboard; sourceTree = "<group>"; };
		BE5027E11F5F0951009AAB5F /* Info.plist */ = {isa = PBXFileReference; lastKnownFileType = text.plist.xml; path = Info.plist; sourceTree = "<group>"; };
		BE5027EB1F5F0970009AAB5F /* MessageExtension.appex */ = {isa = PBXFileReference; explicitFileType = "wrapper.app-extension"; includeInIndex = 0; path = MessageExtension.appex; sourceTree = BUILT_PRODUCTS_DIR; };
		BE5027ED1F5F0970009AAB5F /* Messages.framework */ = {isa = PBXFileReference; lastKnownFileType = wrapper.framework; name = Messages.framework; path = System/Library/Frameworks/Messages.framework; sourceTree = SDKROOT; };
		BE5027F01F5F0970009AAB5F /* MessagesViewController.swift */ = {isa = PBXFileReference; lastKnownFileType = sourcecode.swift; path = MessagesViewController.swift; sourceTree = "<group>"; };
		BE5027F31F5F0970009AAB5F /* Base */ = {isa = PBXFileReference; lastKnownFileType = file.storyboard; name = Base; path = Base.lproj/MainInterface.storyboard; sourceTree = "<group>"; };
		BE5027F51F5F0970009AAB5F /* Assets.xcassets */ = {isa = PBXFileReference; lastKnownFileType = folder.assetcatalog; path = Assets.xcassets; sourceTree = "<group>"; };
		BE5027F71F5F0970009AAB5F /* Info.plist */ = {isa = PBXFileReference; lastKnownFileType = text.plist.xml; path = Info.plist; sourceTree = "<group>"; };
/* End PBXFileReference section */

/* Begin PBXFrameworksBuildPhase section */
		BE5027CF1F5F0951009AAB5F /* Frameworks */ = {
			isa = PBXFrameworksBuildPhase;
			buildActionMask = 2147483647;
			files = (
			);
			runOnlyForDeploymentPostprocessing = 0;
		};
		BE5027E81F5F0970009AAB5F /* Frameworks */ = {
			isa = PBXFrameworksBuildPhase;
			buildActionMask = 2147483647;
			files = (
				BE5027EE1F5F0970009AAB5F /* Messages.framework in Frameworks */,
			);
			runOnlyForDeploymentPostprocessing = 0;
		};
/* End PBXFrameworksBuildPhase section */

/* Begin PBXGroup section */
		BE5027C91F5F0951009AAB5F = {
			isa = PBXGroup;
			children = (
				BE5027D41F5F0951009AAB5F /* LiveLayout */,
				BE5027EF1F5F0970009AAB5F /* MessageExtension */,
				BE5027EC1F5F0970009AAB5F /* Frameworks */,
				BE5027D31F5F0951009AAB5F /* Products */,
			);
			sourceTree = "<group>";
		};
		BE5027D31F5F0951009AAB5F /* Products */ = {
			isa = PBXGroup;
			children = (
				BE5027D21F5F0951009AAB5F /* LiveLayout.app */,
				BE5027EB1F5F0970009AAB5F /* MessageExtension.appex */,
			);
			name = Products;
			sourceTree = "<group>";
		};
		BE5027D41F5F0951009AAB5F /* LiveLayout */ = {
			isa = PBXGroup;
			children = (
				BE5027D51F5F0951009AAB5F /* AppDelegate.swift */,
				BE5027D71F5F0951009AAB5F /* ViewController.swift */,
				BE5027D91F5F0951009AAB5F /* Main.storyboard */,
				BE5027DC1F5F0951009AAB5F /* Assets.xcassets */,
				BE5027DE1F5F0951009AAB5F /* LaunchScreen.storyboard */,
				BE5027E11F5F0951009AAB5F /* Info.plist */,
			);
			path = LiveLayout;
			sourceTree = "<group>";
		};
		BE5027EC1F5F0970009AAB5F /* Frameworks */ = {
			isa = PBXGroup;
			children = (
				BE5027ED1F5F0970009AAB5F /* Messages.framework */,
			);
			name = Frameworks;
			sourceTree = "<group>";
		};
		BE5027EF1F5F0970009AAB5F /* MessageExtension */ = {
			isa = PBXGroup;
			children = (
				BE5027F01F5F0970009AAB5F /* MessagesViewController.swift */,
				BE5027F21F5F0970009AAB5F /* MainInterface.storyboard */,
				BE5027F51F5F0970009AAB5F /* Assets.xcassets */,
				BE5027F71F5F0970009AAB5F /* Info.plist */,
			);
			path = MessageExtension;
			sourceTree = "<group>";
		};
/* End PBXGroup section */

/* Begin PBXNativeTarget section */
		BE5027D11F5F0951009AAB5F /* LiveLayout */ = {
			isa = PBXNativeTarget;
			buildConfigurationList = BE5027E41F5F0951009AAB5F /* Build configuration list for PBXNativeTarget "LiveLayout" */;
			buildPhases = (
				BE5027CE1F5F0951009AAB5F /* Sources */,
				BE5027CF1F5F0951009AAB5F /* Frameworks */,
				BE5027D01F5F0951009AAB5F /* Resources */,
				BE5027FE1F5F0970009AAB5F /* Embed App Extensions */,
			);
			buildRules = (
			);
			dependencies = (
				BE5027F91F5F0970009AAB5F /* PBXTargetDependency */,
			);
			name = LiveLayout;
			productName = LiveLayout;
			productReference = BE5027D21F5F0951009AAB5F /* LiveLayout.app */;
			productType = "com.apple.product-type.application";
		};
		BE5027EA1F5F0970009AAB5F /* MessageExtension */ = {
			isa = PBXNativeTarget;
			buildConfigurationList = BE5027FB1F5F0970009AAB5F /* Build configuration list for PBXNativeTarget "MessageExtension" */;
			buildPhases = (
				BE5027E71F5F0970009AAB5F /* Sources */,
				BE5027E81F5F0970009AAB5F /* Frameworks */,
				BE5027E91F5F0970009AAB5F /* Resources */,
			);
			buildRules = (
			);
			dependencies = (
			);
			name = MessageExtension;
			productName = MessageExtension;
			productReference = BE5027EB1F5F0970009AAB5F /* MessageExtension.appex */;
			productType = "com.apple.product-type.app-extension.messages";
		};
/* End PBXNativeTarget section */

/* Begin PBXProject section */
		BE5027CA1F5F0951009AAB5F /* Project object */ = {
			isa = PBXProject;
			attributes = {
				LastSwiftUpdateCheck = 0900;
				LastUpgradeCheck = 0900;
				ORGANIZATIONNAME = OpenTable;
				TargetAttributes = {
					BE5027D11F5F0951009AAB5F = {
						CreatedOnToolsVersion = 9.0;
						ProvisioningStyle = Automatic;
					};
					BE5027EA1F5F0970009AAB5F = {
						CreatedOnToolsVersion = 9.0;
						ProvisioningStyle = Automatic;
					};
				};
			};
			buildConfigurationList = BE5027CD1F5F0951009AAB5F /* Build configuration list for PBXProject "LiveLayout" */;
			compatibilityVersion = "Xcode 8.0";
			developmentRegion = en;
			hasScannedForEncodings = 0;
			knownRegions = (
				en,
				Base,
			);
			mainGroup = BE5027C91F5F0951009AAB5F;
			productRefGroup = BE5027D31F5F0951009AAB5F /* Products */;
			projectDirPath = "";
			projectRoot = "";
			targets = (
				BE5027D11F5F0951009AAB5F /* LiveLayout */,
				BE5027EA1F5F0970009AAB5F /* MessageExtension */,
			);
		};
/* End PBXProject section */

/* Begin PBXResourcesBuildPhase section */
		BE5027D01F5F0951009AAB5F /* Resources */ = {
			isa = PBXResourcesBuildPhase;
			buildActionMask = 2147483647;
			files = (
				BE5027E01F5F0951009AAB5F /* LaunchScreen.storyboard in Resources */,
				BE5027DD1F5F0951009AAB5F /* Assets.xcassets in Resources */,
				BE5027DB1F5F0951009AAB5F /* Main.storyboard in Resources */,
			);
			runOnlyForDeploymentPostprocessing = 0;
		};
		BE5027E91F5F0970009AAB5F /* Resources */ = {
			isa = PBXResourcesBuildPhase;
			buildActionMask = 2147483647;
			files = (
				BE5028001F5F0AA0009AAB5F /* Assets.xcassets in Resources */,
				BE5027F41F5F0970009AAB5F /* MainInterface.storyboard in Resources */,
			);
			runOnlyForDeploymentPostprocessing = 0;
		};
/* End PBXResourcesBuildPhase section */

/* Begin PBXSourcesBuildPhase section */
		BE5027CE1F5F0951009AAB5F /* Sources */ = {
			isa = PBXSourcesBuildPhase;
			buildActionMask = 2147483647;
			files = (
				BE5027D81F5F0951009AAB5F /* ViewController.swift in Sources */,
				BE5027D61F5F0951009AAB5F /* AppDelegate.swift in Sources */,
			);
			runOnlyForDeploymentPostprocessing = 0;
		};
		BE5027E71F5F0970009AAB5F /* Sources */ = {
			isa = PBXSourcesBuildPhase;
			buildActionMask = 2147483647;
			files = (
				BE5027F11F5F0970009AAB5F /* MessagesViewController.swift in Sources */,
			);
			runOnlyForDeploymentPostprocessing = 0;
		};
/* End PBXSourcesBuildPhase section */

/* Begin PBXTargetDependency section */
		BE5027F91F5F0970009AAB5F /* PBXTargetDependency */ = {
			isa = PBXTargetDependency;
			target = BE5027EA1F5F0970009AAB5F /* MessageExtension */;
			targetProxy = BE5027F81F5F0970009AAB5F /* PBXContainerItemProxy */;
		};
/* End PBXTargetDependency section */

/* Begin PBXVariantGroup section */
		BE5027D91F5F0951009AAB5F /* Main.storyboard */ = {
			isa = PBXVariantGroup;
			children = (
				BE5027DA1F5F0951009AAB5F /* Base */,
			);
			name = Main.storyboard;
			sourceTree = "<group>";
		};
		BE5027DE1F5F0951009AAB5F /* LaunchScreen.storyboard */ = {
			isa = PBXVariantGroup;
			children = (
				BE5027DF1F5F0951009AAB5F /* Base */,
			);
			name = LaunchScreen.storyboard;
			sourceTree = "<group>";
		};
		BE5027F21F5F0970009AAB5F /* MainInterface.storyboard */ = {
			isa = PBXVariantGroup;
			children = (
				BE5027F31F5F0970009AAB5F /* Base */,
			);
			name = MainInterface.storyboard;
			sourceTree = "<group>";
		};
/* End PBXVariantGroup section */

/* Begin XCBuildConfiguration section */
		BE5027E21F5F0951009AAB5F /* Debug */ = {
			isa = XCBuildConfiguration;
			buildSettings = {
				ALWAYS_SEARCH_USER_PATHS = NO;
				CLANG_ANALYZER_NONNULL = YES;
				CLANG_ANALYZER_NUMBER_OBJECT_CONVERSION = YES_AGGRESSIVE;
				CLANG_CXX_LANGUAGE_STANDARD = "gnu++14";
				CLANG_CXX_LIBRARY = "libc++";
				CLANG_ENABLE_MODULES = YES;
				CLANG_ENABLE_OBJC_ARC = YES;
				CLANG_WARN_BLOCK_CAPTURE_AUTORELEASING = YES;
				CLANG_WARN_BOOL_CONVERSION = YES;
				CLANG_WARN_COMMA = YES;
				CLANG_WARN_CONSTANT_CONVERSION = YES;
				CLANG_WARN_DIRECT_OBJC_ISA_USAGE = YES_ERROR;
				CLANG_WARN_DOCUMENTATION_COMMENTS = YES;
				CLANG_WARN_EMPTY_BODY = YES;
				CLANG_WARN_ENUM_CONVERSION = YES;
				CLANG_WARN_INFINITE_RECURSION = YES;
				CLANG_WARN_INT_CONVERSION = YES;
				CLANG_WARN_NON_LITERAL_NULL_CONVERSION = YES;
				CLANG_WARN_OBJC_LITERAL_CONVERSION = YES;
				CLANG_WARN_OBJC_ROOT_CLASS = YES_ERROR;
				CLANG_WARN_RANGE_LOOP_ANALYSIS = YES;
				CLANG_WARN_STRICT_PROTOTYPES = YES;
				CLANG_WARN_SUSPICIOUS_MOVE = YES;
				CLANG_WARN_UNGUARDED_AVAILABILITY = YES_AGGRESSIVE;
				CLANG_WARN_UNREACHABLE_CODE = YES;
				CLANG_WARN__DUPLICATE_METHOD_MATCH = YES;
				CODE_SIGN_IDENTITY = "iPhone Developer";
				COPY_PHASE_STRIP = NO;
				DEBUG_INFORMATION_FORMAT = dwarf;
				ENABLE_STRICT_OBJC_MSGSEND = YES;
				ENABLE_TESTABILITY = YES;
				GCC_C_LANGUAGE_STANDARD = gnu11;
				GCC_DYNAMIC_NO_PIC = NO;
				GCC_NO_COMMON_BLOCKS = YES;
				GCC_OPTIMIZATION_LEVEL = 0;
				GCC_PREPROCESSOR_DEFINITIONS = (
					"DEBUG=1",
					"$(inherited)",
				);
				GCC_WARN_64_TO_32_BIT_CONVERSION = YES;
				GCC_WARN_ABOUT_RETURN_TYPE = YES_ERROR;
				GCC_WARN_UNDECLARED_SELECTOR = YES;
				GCC_WARN_UNINITIALIZED_AUTOS = YES_AGGRESSIVE;
				GCC_WARN_UNUSED_FUNCTION = YES;
				GCC_WARN_UNUSED_VARIABLE = YES;
				IPHONEOS_DEPLOYMENT_TARGET = 11.3;
				MTL_ENABLE_DEBUG_INFO = YES;
				ONLY_ACTIVE_ARCH = YES;
				SDKROOT = iphoneos;
				SWIFT_ACTIVE_COMPILATION_CONDITIONS = DEBUG;
				SWIFT_OPTIMIZATION_LEVEL = "-Onone";
			};
			name = Debug;
		};
		BE5027E31F5F0951009AAB5F /* Release */ = {
			isa = XCBuildConfiguration;
			buildSettings = {
				ALWAYS_SEARCH_USER_PATHS = NO;
				CLANG_ANALYZER_NONNULL = YES;
				CLANG_ANALYZER_NUMBER_OBJECT_CONVERSION = YES_AGGRESSIVE;
				CLANG_CXX_LANGUAGE_STANDARD = "gnu++14";
				CLANG_CXX_LIBRARY = "libc++";
				CLANG_ENABLE_MODULES = YES;
				CLANG_ENABLE_OBJC_ARC = YES;
				CLANG_WARN_BLOCK_CAPTURE_AUTORELEASING = YES;
				CLANG_WARN_BOOL_CONVERSION = YES;
				CLANG_WARN_COMMA = YES;
				CLANG_WARN_CONSTANT_CONVERSION = YES;
				CLANG_WARN_DIRECT_OBJC_ISA_USAGE = YES_ERROR;
				CLANG_WARN_DOCUMENTATION_COMMENTS = YES;
				CLANG_WARN_EMPTY_BODY = YES;
				CLANG_WARN_ENUM_CONVERSION = YES;
				CLANG_WARN_INFINITE_RECURSION = YES;
				CLANG_WARN_INT_CONVERSION = YES;
				CLANG_WARN_NON_LITERAL_NULL_CONVERSION = YES;
				CLANG_WARN_OBJC_LITERAL_CONVERSION = YES;
				CLANG_WARN_OBJC_ROOT_CLASS = YES_ERROR;
				CLANG_WARN_RANGE_LOOP_ANALYSIS = YES;
				CLANG_WARN_STRICT_PROTOTYPES = YES;
				CLANG_WARN_SUSPICIOUS_MOVE = YES;
				CLANG_WARN_UNGUARDED_AVAILABILITY = YES_AGGRESSIVE;
				CLANG_WARN_UNREACHABLE_CODE = YES;
				CLANG_WARN__DUPLICATE_METHOD_MATCH = YES;
				CODE_SIGN_IDENTITY = "iPhone Developer";
				COPY_PHASE_STRIP = NO;
				DEBUG_INFORMATION_FORMAT = "dwarf-with-dsym";
				ENABLE_NS_ASSERTIONS = NO;
				ENABLE_STRICT_OBJC_MSGSEND = YES;
				GCC_C_LANGUAGE_STANDARD = gnu11;
				GCC_NO_COMMON_BLOCKS = YES;
				GCC_WARN_64_TO_32_BIT_CONVERSION = YES;
				GCC_WARN_ABOUT_RETURN_TYPE = YES_ERROR;
				GCC_WARN_UNDECLARED_SELECTOR = YES;
				GCC_WARN_UNINITIALIZED_AUTOS = YES_AGGRESSIVE;
				GCC_WARN_UNUSED_FUNCTION = YES;
				GCC_WARN_UNUSED_VARIABLE = YES;
				IPHONEOS_DEPLOYMENT_TARGET = 11.3;
				MTL_ENABLE_DEBUG_INFO = NO;
				SDKROOT = iphoneos;
				SWIFT_OPTIMIZATION_LEVEL = "-Owholemodule";
				VALIDATE_PRODUCT = YES;
			};
			name = Release;
		};
		BE5027E51F5F0951009AAB5F /* Debug */ = {
			isa = XCBuildConfiguration;
			buildSettings = {
				ALWAYS_EMBED_SWIFT_STANDARD_LIBRARIES = YES;
				ASSETCATALOG_COMPILER_APPICON_NAME = AppIcon;
				CODE_SIGN_STYLE = Automatic;
				DEVELOPMENT_TEAM = QPU8QS3E62;
				INFOPLIST_FILE = LiveLayout/Info.plist;
				LD_RUNPATH_SEARCH_PATHS = "$(inherited) @executable_path/Frameworks";
				PRODUCT_BUNDLE_IDENTIFIER = com.contextoptional.LiveLayout;
				PRODUCT_NAME = "$(TARGET_NAME)";
				SWIFT_VERSION = 4.0;
				TARGETED_DEVICE_FAMILY = "1,2";
			};
			name = Debug;
		};
		BE5027E61F5F0951009AAB5F /* Release */ = {
			isa = XCBuildConfiguration;
			buildSettings = {
				ALWAYS_EMBED_SWIFT_STANDARD_LIBRARIES = YES;
				ASSETCATALOG_COMPILER_APPICON_NAME = AppIcon;
				CODE_SIGN_STYLE = Automatic;
				DEVELOPMENT_TEAM = QPU8QS3E62;
				INFOPLIST_FILE = LiveLayout/Info.plist;
				LD_RUNPATH_SEARCH_PATHS = "$(inherited) @executable_path/Frameworks";
				PRODUCT_BUNDLE_IDENTIFIER = com.contextoptional.LiveLayout;
				PRODUCT_NAME = "$(TARGET_NAME)";
				SWIFT_VERSION = 4.0;
				TARGETED_DEVICE_FAMILY = "1,2";
			};
			name = Release;
		};
		BE5027FC1F5F0970009AAB5F /* Debug */ = {
			isa = XCBuildConfiguration;
			buildSettings = {
				ASSETCATALOG_COMPILER_APPICON_NAME = "iMessage App Icon";
				CODE_SIGN_STYLE = Automatic;
				DEVELOPMENT_TEAM = QPU8QS3E62;
				INFOPLIST_FILE = MessageExtension/Info.plist;
				LD_RUNPATH_SEARCH_PATHS = "$(inherited) @executable_path/Frameworks @executable_path/../../Frameworks";
				PRODUCT_BUNDLE_IDENTIFIER = com.contextoptional.LiveLayout.MessageExtension;
				PRODUCT_NAME = "$(TARGET_NAME)";
				SKIP_INSTALL = YES;
				SWIFT_VERSION = 4.0;
				TARGETED_DEVICE_FAMILY = "1,2";
			};
			name = Debug;
		};
		BE5027FD1F5F0970009AAB5F /* Release */ = {
			isa = XCBuildConfiguration;
			buildSettings = {
				ASSETCATALOG_COMPILER_APPICON_NAME = "iMessage App Icon";
				CODE_SIGN_STYLE = Automatic;
				DEVELOPMENT_TEAM = QPU8QS3E62;
				INFOPLIST_FILE = MessageExtension/Info.plist;
				LD_RUNPATH_SEARCH_PATHS = "$(inherited) @executable_path/Frameworks @executable_path/../../Frameworks";
				PRODUCT_BUNDLE_IDENTIFIER = com.contextoptional.LiveLayout.MessageExtension;
				PRODUCT_NAME = "$(TARGET_NAME)";
				SKIP_INSTALL = YES;
				SWIFT_VERSION = 4.0;
				TARGETED_DEVICE_FAMILY = "1,2";
			};
			name = Release;
		};
/* End XCBuildConfiguration section */

/* Begin XCConfigurationList section */
		BE5027CD1F5F0951009AAB5F /* Build configuration list for PBXProject "LiveLayout" */ = {
			isa = XCConfigurationList;
			buildConfigurations = (
				BE5027E21F5F0951009AAB5F /* Debug */,
				BE5027E31F5F0951009AAB5F /* Release */,
			);
			defaultConfigurationIsVisible = 0;
			defaultConfigurationName = Release;
		};
		BE5027E41F5F0951009AAB5F /* Build configuration list for PBXNativeTarget "LiveLayout" */ = {
			isa = XCConfigurationList;
			buildConfigurations = (
				BE5027E51F5F0951009AAB5F /* Debug */,
				BE5027E61F5F0951009AAB5F /* Release */,
			);
			defaultConfigurationIsVisible = 0;
			defaultConfigurationName = Release;
		};
		BE5027FB1F5F0970009AAB5F /* Build configuration list for PBXNativeTarget "MessageExtension" */ = {
			isa = XCConfigurationList;
			buildConfigurations = (
				BE5027FC1F5F0970009AAB5F /* Debug */,
				BE5027FD1F5F0970009AAB5F /* Release */,
			);
			defaultConfigurationIsVisible = 0;
			defaultConfigurationName = Release;
		};
/* End XCConfigurationList section */
	};
	rootObject = BE5027CA1F5F0951009AAB5F /* Project object */;
}
